
Microsoft Visual Studio Solution File, Format Version 12.00
# Visual Studio 2013
VisualStudioVersion = 12.0.31101.0
MinimumVisualStudioVersion = 10.0.40219.1
Project("{FAE04EC0-301F-11D3-BF4B-00C04F79EFBC}") = "IlseLeijten", "IlseLeijten\IlseLeijten.csproj", "{DA2B1E6A-0B5D-40BC-A3A8-238309585C64}"
EndProject
Project("{FAE04EC0-301F-11D3-BF4B-00C04F79EFBC}") = "Core", "Core\Core.csproj", "{BFAFC693-C4B2-4368-98C7-9B8A452D1172}"
EndProject
Project("{FAE04EC0-301F-11D3-BF4B-00C04F79EFBC}") = "Infrastructure", "Infrastructure\Infrastructure.csproj", "{7CEE2E3E-F783-4B6F-86E0-64D80DF510AE}"
EndProject
Global
	GlobalSection(SolutionConfigurationPlatforms) = preSolution
		Debug|Any CPU = Debug|Any CPU
		Release|Any CPU = Release|Any CPU
	EndGlobalSection
	GlobalSection(ProjectConfigurationPlatforms) = postSolution
		{DA2B1E6A-0B5D-40BC-A3A8-238309585C64}.Debug|Any CPU.ActiveCfg = Debug|Any CPU
		{DA2B1E6A-0B5D-40BC-A3A8-238309585C64}.Debug|Any CPU.Build.0 = Debug|Any CPU
		{DA2B1E6A-0B5D-40BC-A3A8-238309585C64}.Release|Any CPU.ActiveCfg = Release|Any CPU
		{DA2B1E6A-0B5D-40BC-A3A8-238309585C64}.Release|Any CPU.Build.0 = Release|Any CPU
		{BFAFC693-C4B2-4368-98C7-9B8A452D1172}.Debug|Any CPU.ActiveCfg = Debug|Any CPU
		{BFAFC693-C4B2-4368-98C7-9B8A452D1172}.Debug|Any CPU.Build.0 = Debug|Any CPU
		{BFAFC693-C4B2-4368-98C7-9B8A452D1172}.Release|Any CPU.ActiveCfg = Release|Any CPU
		{BFAFC693-C4B2-4368-98C7-9B8A452D1172}.Release|Any CPU.Build.0 = Release|Any CPU
		{7CEE2E3E-F783-4B6F-86E0-64D80DF510AE}.Debug|Any CPU.ActiveCfg = Debug|Any CPU
		{7CEE2E3E-F783-4B6F-86E0-64D80DF510AE}.Debug|Any CPU.Build.0 = Debug|Any CPU
		{7CEE2E3E-F783-4B6F-86E0-64D80DF510AE}.Release|Any CPU.ActiveCfg = Release|Any CPU
		{7CEE2E3E-F783-4B6F-86E0-64D80DF510AE}.Release|Any CPU.Build.0 = Release|Any CPU
	EndGlobalSection
	GlobalSection(SolutionProperties) = preSolution
		HideSolutionNode = FALSE
	EndGlobalSection
EndGlobal
